
Microsoft Visual Studio Solution File, Format Version 12.00
# Visual Studio Version 16
VisualStudioVersion = 16.0.30011.22
MinimumVisualStudioVersion = 10.0.40219.1
Project("{FAE04EC0-301F-11D3-BF4B-00C04F79EFBC}") = "Auction-Prop Site Styling", "Auction-Prop Site Styling\Auction-Prop Site Styling.csproj", "{A93C27B8-350F-47AA-AF39-E5DCC7D55491}"
EndProject
Global
	GlobalSection(SolutionConfigurationPlatforms) = preSolution
		Debug|Any CPU = Debug|Any CPU
		Release|Any CPU = Release|Any CPU
	EndGlobalSection
	GlobalSection(ProjectConfigurationPlatforms) = postSolution
		{A93C27B8-350F-47AA-AF39-E5DCC7D55491}.Debug|Any CPU.ActiveCfg = Debug|Any CPU
		{A93C27B8-350F-47AA-AF39-E5DCC7D55491}.Debug|Any CPU.Build.0 = Debug|Any CPU
		{A93C27B8-350F-47AA-AF39-E5DCC7D55491}.Release|Any CPU.ActiveCfg = Release|Any CPU
		{A93C27B8-350F-47AA-AF39-E5DCC7D55491}.Release|Any CPU.Build.0 = Release|Any CPU
	EndGlobalSection
	GlobalSection(SolutionProperties) = preSolution
		HideSolutionNode = FALSE
	EndGlobalSection
	GlobalSection(ExtensibilityGlobals) = postSolution
		SolutionGuid = {4D037A41-2D10-4D3A-AA43-4BC73402C7AC}
	EndGlobalSection
EndGlobal
